
Microsoft Visual Studio Solution File, Format Version 12.00
# Visual Studio Version 17
VisualStudioVersion = 17.3.32922.545
MinimumVisualStudioVersion = 10.0.40219.1
Project("{FAE04EC0-301F-11D3-BF4B-00C04F79EFBC}") = "Donguler", "Donguler.csproj", "{40FE5DD5-7E26-4E6C-B642-0D2DA3CE9EBE}"
EndProject
Global
	GlobalSection(SolutionConfigurationPlatforms) = preSolution
		Debug|Any CPU = Debug|Any CPU
		Release|Any CPU = Release|Any CPU
	EndGlobalSection
	GlobalSection(ProjectConfigurationPlatforms) = postSolution
		{40FE5DD5-7E26-4E6C-B642-0D2DA3CE9EBE}.Debug|Any CPU.ActiveCfg = Debug|Any CPU
		{40FE5DD5-7E26-4E6C-B642-0D2DA3CE9EBE}.Debug|Any CPU.Build.0 = Debug|Any CPU
		{40FE5DD5-7E26-4E6C-B642-0D2DA3CE9EBE}.Release|Any CPU.ActiveCfg = Release|Any CPU
		{40FE5DD5-7E26-4E6C-B642-0D2DA3CE9EBE}.Release|Any CPU.Build.0 = Release|Any CPU
	EndGlobalSection
	GlobalSection(SolutionProperties) = preSolution
		HideSolutionNode = FALSE
	EndGlobalSection
	GlobalSection(ExtensibilityGlobals) = postSolution
		SolutionGuid = {440D529F-FC9F-42DF-BA17-BE90D74386EB}
	EndGlobalSection
EndGlobal
